
Microsoft Visual Studio Solution File, Format Version 12.00
# Visual Studio Version 17
VisualStudioVersion = 17.8.34511.84
MinimumVisualStudioVersion = 10.0.40219.1
Project("{FAE04EC0-301F-11D3-BF4B-00C04F79EFBC}") = "MainForm", "MainForm.csproj", "{C01E58F9-CA87-402E-9F9F-C3DEF603512C}"
EndProject
Global
	GlobalSection(SolutionConfigurationPlatforms) = preSolution
		Debug|Any CPU = Debug|Any CPU
		Release|Any CPU = Release|Any CPU
	EndGlobalSection
	GlobalSection(ProjectConfigurationPlatforms) = postSolution
		{C01E58F9-CA87-402E-9F9F-C3DEF603512C}.Debug|Any CPU.ActiveCfg = Debug|Any CPU
		{C01E58F9-CA87-402E-9F9F-C3DEF603512C}.Debug|Any CPU.Build.0 = Debug|Any CPU
		{C01E58F9-CA87-402E-9F9F-C3DEF603512C}.Release|Any CPU.ActiveCfg = Release|Any CPU
		{C01E58F9-CA87-402E-9F9F-C3DEF603512C}.Release|Any CPU.Build.0 = Release|Any CPU
	EndGlobalSection
	GlobalSection(SolutionProperties) = preSolution
		HideSolutionNode = FALSE
	EndGlobalSection
	GlobalSection(ExtensibilityGlobals) = postSolution
		SolutionGuid = {00227020-BCAF-4CAA-8D51-1E9F6F71F533}
	EndGlobalSection
EndGlobal
